
Microsoft Visual Studio Solution File, Format Version 12.00
# Visual Studio Version 17
VisualStudioVersion = 17.8.34330.188
MinimumVisualStudioVersion = 10.0.40219.1
Project("{FAE04EC0-301F-11D3-BF4B-00C04F79EFBC}") = "Final UI", "Final UI\Final UI.csproj", "{97911B58-D753-4758-AD3B-F32640313E72}"
EndProject
Global
	GlobalSection(SolutionConfigurationPlatforms) = preSolution
		Debug|Any CPU = Debug|Any CPU
		Release|Any CPU = Release|Any CPU
	EndGlobalSection
	GlobalSection(ProjectConfigurationPlatforms) = postSolution
		{97911B58-D753-4758-AD3B-F32640313E72}.Debug|Any CPU.ActiveCfg = Debug|Any CPU
		{97911B58-D753-4758-AD3B-F32640313E72}.Debug|Any CPU.Build.0 = Debug|Any CPU
		{97911B58-D753-4758-AD3B-F32640313E72}.Release|Any CPU.ActiveCfg = Release|Any CPU
		{97911B58-D753-4758-AD3B-F32640313E72}.Release|Any CPU.Build.0 = Release|Any CPU
	EndGlobalSection
	GlobalSection(SolutionProperties) = preSolution
		HideSolutionNode = FALSE
	EndGlobalSection
	GlobalSection(ExtensibilityGlobals) = postSolution
		SolutionGuid = {7C78A6CB-936D-4EDD-8FC5-4D4CF3CF3512}
	EndGlobalSection
EndGlobal
